
Microsoft Visual Studio Solution File, Format Version 12.00
# Visual Studio Version 17
VisualStudioVersion = 17.3.32804.467
MinimumVisualStudioVersion = 10.0.40219.1
Project("{9A19103F-16F7-4668-BE54-9A1E7A4F7556}") = "WebAppDETAug2022", "WebAppDETAug2022\WebAppDETAug2022.csproj", "{C22A99E6-6673-4931-B110-52D5133674AD}"
EndProject
Project("{9A19103F-16F7-4668-BE54-9A1E7A4F7556}") = "MVCDemo", "MVCDemo\MVCDemo.csproj", "{9AE8004C-DF93-4874-B5C1-A075353FAE18}"
EndProject
Project("{9A19103F-16F7-4668-BE54-9A1E7A4F7556}") = "API Demo", "API Demo\API Demo.csproj", "{10F5531F-2A77-4705-973D-22E16D54CD61}"
EndProject
Project("{9A19103F-16F7-4668-BE54-9A1E7A4F7556}") = "ConsoleApiClient", "ConsoleApiClient\ConsoleApiClient.csproj", "{3BF0E08B-8C20-4B13-858B-3946EA9FD608}"
EndProject
Project("{9A19103F-16F7-4668-BE54-9A1E7A4F7556}") = "ToDoApi1", "ToDoApi1\ToDoApi1.csproj", "{353FB46D-9D74-473B-AE21-55E00179B7B5}"
EndProject
Project("{FAE04EC0-301F-11D3-BF4B-00C04F79EFBC}") = "Bank", "Bank\Bank.csproj", "{A43C9A98-60B6-4890-8607-8AECD5C37171}"
EndProject
Project("{FAE04EC0-301F-11D3-BF4B-00C04F79EFBC}") = "BankTests", "BankTests\BankTests.csproj", "{45E26180-2CE2-47C3-AB87-9041D4FD5BA6}"
EndProject
Global
	GlobalSection(SolutionConfigurationPlatforms) = preSolution
		Debug|Any CPU = Debug|Any CPU
		Release|Any CPU = Release|Any CPU
	EndGlobalSection
	GlobalSection(ProjectConfigurationPlatforms) = postSolution
		{C22A99E6-6673-4931-B110-52D5133674AD}.Debug|Any CPU.ActiveCfg = Debug|Any CPU
		{C22A99E6-6673-4931-B110-52D5133674AD}.Debug|Any CPU.Build.0 = Debug|Any CPU
		{C22A99E6-6673-4931-B110-52D5133674AD}.Release|Any CPU.ActiveCfg = Release|Any CPU
		{C22A99E6-6673-4931-B110-52D5133674AD}.Release|Any CPU.Build.0 = Release|Any CPU
		{9AE8004C-DF93-4874-B5C1-A075353FAE18}.Debug|Any CPU.ActiveCfg = Debug|Any CPU
		{9AE8004C-DF93-4874-B5C1-A075353FAE18}.Debug|Any CPU.Build.0 = Debug|Any CPU
		{9AE8004C-DF93-4874-B5C1-A075353FAE18}.Release|Any CPU.ActiveCfg = Release|Any CPU
		{9AE8004C-DF93-4874-B5C1-A075353FAE18}.Release|Any CPU.Build.0 = Release|Any CPU
		{10F5531F-2A77-4705-973D-22E16D54CD61}.Debug|Any CPU.ActiveCfg = Debug|Any CPU
		{10F5531F-2A77-4705-973D-22E16D54CD61}.Debug|Any CPU.Build.0 = Debug|Any CPU
		{10F5531F-2A77-4705-973D-22E16D54CD61}.Release|Any CPU.ActiveCfg = Release|Any CPU
		{10F5531F-2A77-4705-973D-22E16D54CD61}.Release|Any CPU.Build.0 = Release|Any CPU
		{3BF0E08B-8C20-4B13-858B-3946EA9FD608}.Debug|Any CPU.ActiveCfg = Debug|Any CPU
		{3BF0E08B-8C20-4B13-858B-3946EA9FD608}.Debug|Any CPU.Build.0 = Debug|Any CPU
		{3BF0E08B-8C20-4B13-858B-3946EA9FD608}.Release|Any CPU.ActiveCfg = Release|Any CPU
		{3BF0E08B-8C20-4B13-858B-3946EA9FD608}.Release|Any CPU.Build.0 = Release|Any CPU
		{353FB46D-9D74-473B-AE21-55E00179B7B5}.Debug|Any CPU.ActiveCfg = Debug|Any CPU
		{353FB46D-9D74-473B-AE21-55E00179B7B5}.Debug|Any CPU.Build.0 = Debug|Any CPU
		{353FB46D-9D74-473B-AE21-55E00179B7B5}.Release|Any CPU.ActiveCfg = Release|Any CPU
		{353FB46D-9D74-473B-AE21-55E00179B7B5}.Release|Any CPU.Build.0 = Release|Any CPU
		{A43C9A98-60B6-4890-8607-8AECD5C37171}.Debug|Any CPU.ActiveCfg = Debug|Any CPU
		{A43C9A98-60B6-4890-8607-8AECD5C37171}.Debug|Any CPU.Build.0 = Debug|Any CPU
		{A43C9A98-60B6-4890-8607-8AECD5C37171}.Release|Any CPU.ActiveCfg = Release|Any CPU
		{A43C9A98-60B6-4890-8607-8AECD5C37171}.Release|Any CPU.Build.0 = Release|Any CPU
		{45E26180-2CE2-47C3-AB87-9041D4FD5BA6}.Debug|Any CPU.ActiveCfg = Debug|Any CPU
		{45E26180-2CE2-47C3-AB87-9041D4FD5BA6}.Debug|Any CPU.Build.0 = Debug|Any CPU
		{45E26180-2CE2-47C3-AB87-9041D4FD5BA6}.Release|Any CPU.ActiveCfg = Release|Any CPU
		{45E26180-2CE2-47C3-AB87-9041D4FD5BA6}.Release|Any CPU.Build.0 = Release|Any CPU
	EndGlobalSection
	GlobalSection(SolutionProperties) = preSolution
		HideSolutionNode = FALSE
	EndGlobalSection
	GlobalSection(ExtensibilityGlobals) = postSolution
		SolutionGuid = {A88028AF-FCD4-453A-BAFE-5339A97E2F91}
	EndGlobalSection
EndGlobal
